// !$*UTF8*$!
{
	archiveVersion = 1;
	classes = {
	};
	objectVersion = 55;
	objects = {

/* Begin PBXBuildFile section */
		521EEFB9287EA83A00BA40B5 /* main.cpp in Sources */ = {isa = PBXBuildFile; fileRef = 521EEFB8287EA83A00BA40B5 /* main.cpp */; };
		521EEFC7287EA89900BA40B5 /* MJTest.cpp in Sources */ = {isa = PBXBuildFile; fileRef = 521EEFBF287EA89800BA40B5 /* MJTest.cpp */; };
		521EEFC8287EA89900BA40B5 /* MJHand.cpp in Sources */ = {isa = PBXBuildFile; fileRef = 521EEFC3287EA89900BA40B5 /* MJHand.cpp */; };
		521EEFC9287EA89900BA40B5 /* MJCLassV5.cpp in Sources */ = {isa = PBXBuildFile; fileRef = 521EEFC4287EA89900BA40B5 /* MJCLassV5.cpp */; };
		521EEFCA287EA89900BA40B5 /* MJTools.cpp in Sources */ = {isa = PBXBuildFile; fileRef = 521EEFC5287EA89900BA40B5 /* MJTools.cpp */; };
		52E38102292DAB97002CBCC1 /* MJCoder.cpp in Sources */ = {isa = PBXBuildFile; fileRef = 52E38100292DAB97002CBCC1 /* MJCoder.cpp */; };
/* End PBXBuildFile section */

/* Begin PBXCopyFilesBuildPhase section */
		521EEFB3287EA83A00BA40B5 /* CopyFiles */ = {
			isa = PBXCopyFilesBuildPhase;
			buildActionMask = 2147483647;
			dstPath = /usr/share/man/man1/;
			dstSubfolderSpec = 0;
			files = (
			);
			runOnlyForDeploymentPostprocessing = 1;
		};
/* End PBXCopyFilesBuildPhase section */

/* Begin PBXFileReference section */
		521EEFB5287EA83A00BA40B5 /* MJV5 */ = {isa = PBXFileReference; explicitFileType = "compiled.mach-o.executable"; includeInIndex = 0; path = MJV5; sourceTree = BUILT_PRODUCTS_DIR; };
		521EEFB8287EA83A00BA40B5 /* main.cpp */ = {isa = PBXFileReference; lastKnownFileType = sourcecode.cpp.cpp; path = main.cpp; sourceTree = "<group>"; };
		521EEFBF287EA89800BA40B5 /* MJTest.cpp */ = {isa = PBXFileReference; fileEncoding = 4; lastKnownFileType = sourcecode.cpp.cpp; path = MJTest.cpp; sourceTree = "<group>"; };
		521EEFC0287EA89800BA40B5 /* MJTest.hpp */ = {isa = PBXFileReference; fileEncoding = 4; lastKnownFileType = sourcecode.cpp.h; path = MJTest.hpp; sourceTree = "<group>"; };
		521EEFC1287EA89900BA40B5 /* MJCLassV5.hpp */ = {isa = PBXFileReference; fileEncoding = 4; lastKnownFileType = sourcecode.cpp.h; path = MJCLassV5.hpp; sourceTree = "<group>"; };
		521EEFC2287EA89900BA40B5 /* MJHand.hpp */ = {isa = PBXFileReference; fileEncoding = 4; lastKnownFileType = sourcecode.cpp.h; path = MJHand.hpp; sourceTree = "<group>"; };
		521EEFC3287EA89900BA40B5 /* MJHand.cpp */ = {isa = PBXFileReference; fileEncoding = 4; lastKnownFileType = sourcecode.cpp.cpp; path = MJHand.cpp; sourceTree = "<group>"; };
		521EEFC4287EA89900BA40B5 /* MJCLassV5.cpp */ = {isa = PBXFileReference; fileEncoding = 4; lastKnownFileType = sourcecode.cpp.cpp; path = MJCLassV5.cpp; sourceTree = "<group>"; };
		521EEFC5287EA89900BA40B5 /* MJTools.cpp */ = {isa = PBXFileReference; fileEncoding = 4; lastKnownFileType = sourcecode.cpp.cpp; path = MJTools.cpp; sourceTree = "<group>"; };
		521EEFC6287EA89900BA40B5 /* MJTools.hpp */ = {isa = PBXFileReference; fileEncoding = 4; lastKnownFileType = sourcecode.cpp.h; path = MJTools.hpp; sourceTree = "<group>"; };
		52E38100292DAB97002CBCC1 /* MJCoder.cpp */ = {isa = PBXFileReference; fileEncoding = 4; lastKnownFileType = sourcecode.cpp.cpp; path = MJCoder.cpp; sourceTree = "<group>"; };
		52E38101292DAB97002CBCC1 /* MJCoder.hpp */ = {isa = PBXFileReference; fileEncoding = 4; lastKnownFileType = sourcecode.cpp.h; path = MJCoder.hpp; sourceTree = "<group>"; };
/* End PBXFileReference section */

/* Begin PBXFrameworksBuildPhase section */
		521EEFB2287EA83A00BA40B5 /* Frameworks */ = {
			isa = PBXFrameworksBuildPhase;
			buildActionMask = 2147483647;
			files = (
			);
			runOnlyForDeploymentPostprocessing = 0;
		};
/* End PBXFrameworksBuildPhase section */

/* Begin PBXGroup section */
		521EEFAC287EA83A00BA40B5 = {
			isa = PBXGroup;
			children = (
				521EEFB7287EA83A00BA40B5 /* MJV5 */,
				521EEFB6287EA83A00BA40B5 /* Products */,
			);
			sourceTree = "<group>";
		};
		521EEFB6287EA83A00BA40B5 /* Products */ = {
			isa = PBXGroup;
			children = (
				521EEFB5287EA83A00BA40B5 /* MJV5 */,
			);
			name = Products;
			sourceTree = "<group>";
		};
		521EEFB7287EA83A00BA40B5 /* MJV5 */ = {
			isa = PBXGroup;
			children = (
				521EEFC4287EA89900BA40B5 /* MJCLassV5.cpp */,
				521EEFC1287EA89900BA40B5 /* MJCLassV5.hpp */,
				521EEFC3287EA89900BA40B5 /* MJHand.cpp */,
				521EEFC2287EA89900BA40B5 /* MJHand.hpp */,
				521EEFBF287EA89800BA40B5 /* MJTest.cpp */,
				521EEFC0287EA89800BA40B5 /* MJTest.hpp */,
				521EEFC5287EA89900BA40B5 /* MJTools.cpp */,
				521EEFC6287EA89900BA40B5 /* MJTools.hpp */,
				521EEFB8287EA83A00BA40B5 /* main.cpp */,
				52E38100292DAB97002CBCC1 /* MJCoder.cpp */,
				52E38101292DAB97002CBCC1 /* MJCoder.hpp */,
			);
			path = MJV5;
			sourceTree = "<group>";
		};
/* End PBXGroup section */

/* Begin PBXNativeTarget section */
		521EEFB4287EA83A00BA40B5 /* MJV5 */ = {
			isa = PBXNativeTarget;
			buildConfigurationList = 521EEFBC287EA83A00BA40B5 /* Build configuration list for PBXNativeTarget "MJV5" */;
			buildPhases = (
				521EEFB1287EA83A00BA40B5 /* Sources */,
				521EEFB2287EA83A00BA40B5 /* Frameworks */,
				521EEFB3287EA83A00BA40B5 /* CopyFiles */,
			);
			buildRules = (
			);
			dependencies = (
			);
			name = MJV5;
			productName = MJV5;
			productReference = 521EEFB5287EA83A00BA40B5 /* MJV5 */;
			productType = "com.apple.product-type.tool";
		};
/* End PBXNativeTarget section */

/* Begin PBXProject section */
		521EEFAD287EA83A00BA40B5 /* Project object */ = {
			isa = PBXProject;
			attributes = {
				BuildIndependentTargetsInParallel = 1;
				LastUpgradeCheck = 1400;
				TargetAttributes = {
					521EEFB4287EA83A00BA40B5 = {
						CreatedOnToolsVersion = 13.4.1;
					};
				};
			};
			buildConfigurationList = 521EEFB0287EA83A00BA40B5 /* Build configuration list for PBXProject "MJV5" */;
			compatibilityVersion = "Xcode 13.0";
			developmentRegion = en;
			hasScannedForEncodings = 0;
			knownRegions = (
				en,
				Base,
			);
			mainGroup = 521EEFAC287EA83A00BA40B5;
			productRefGroup = 521EEFB6287EA83A00BA40B5 /* Products */;
			projectDirPath = "";
			projectRoot = "";
			targets = (
				521EEFB4287EA83A00BA40B5 /* MJV5 */,
			);
		};
/* End PBXProject section */

/* Begin PBXSourcesBuildPhase section */
		521EEFB1287EA83A00BA40B5 /* Sources */ = {
			isa = PBXSourcesBuildPhase;
			buildActionMask = 2147483647;
			files = (
				52E38102292DAB97002CBCC1 /* MJCoder.cpp in Sources */,
				521EEFC7287EA89900BA40B5 /* MJTest.cpp in Sources */,
				521EEFCA287EA89900BA40B5 /* MJTools.cpp in Sources */,
				521EEFB9287EA83A00BA40B5 /* main.cpp in Sources */,
				521EEFC9287EA89900BA40B5 /* MJCLassV5.cpp in Sources */,
				521EEFC8287EA89900BA40B5 /* MJHand.cpp in Sources */,
			);
			runOnlyForDeploymentPostprocessing = 0;
		};
/* End PBXSourcesBuildPhase section */

/* Begin XCBuildConfiguration section */
		521EEFBA287EA83A00BA40B5 /* Debug */ = {
			isa = XCBuildConfiguration;
			buildSettings = {
				ALWAYS_SEARCH_USER_PATHS = NO;
				CLANG_ANALYZER_NONNULL = YES;
				CLANG_ANALYZER_NUMBER_OBJECT_CONVERSION = YES_AGGRESSIVE;
				CLANG_CXX_LANGUAGE_STANDARD = "gnu++17";
				CLANG_ENABLE_MODULES = YES;
				CLANG_ENABLE_OBJC_ARC = YES;
				CLANG_ENABLE_OBJC_WEAK = YES;
				CLANG_WARN_BLOCK_CAPTURE_AUTORELEASING = YES;
				CLANG_WARN_BOOL_CONVERSION = YES;
				CLANG_WARN_COMMA = YES;
				CLANG_WARN_CONSTANT_CONVERSION = YES;
				CLANG_WARN_DEPRECATED_OBJC_IMPLEMENTATIONS = YES;
				CLANG_WARN_DIRECT_OBJC_ISA_USAGE = YES_ERROR;
				CLANG_WARN_DOCUMENTATION_COMMENTS = YES;
				CLANG_WARN_EMPTY_BODY = YES;
				CLANG_WARN_ENUM_CONVERSION = YES;
				CLANG_WARN_INFINITE_RECURSION = YES;
				CLANG_WARN_INT_CONVERSION = YES;
				CLANG_WARN_NON_LITERAL_NULL_CONVERSION = YES;
				CLANG_WARN_OBJC_IMPLICIT_RETAIN_SELF = YES;
				CLANG_WARN_OBJC_LITERAL_CONVERSION = YES;
				CLANG_WARN_OBJC_ROOT_CLASS = YES_ERROR;
				CLANG_WARN_QUOTED_INCLUDE_IN_FRAMEWORK_HEADER = YES;
				CLANG_WARN_RANGE_LOOP_ANALYSIS = YES;
				CLANG_WARN_STRICT_PROTOTYPES = YES;
				CLANG_WARN_SUSPICIOUS_MOVE = YES;
				CLANG_WARN_UNGUARDED_AVAILABILITY = YES_AGGRESSIVE;
				CLANG_WARN_UNREACHABLE_CODE = YES;
				CLANG_WARN__DUPLICATE_METHOD_MATCH = YES;
				COPY_PHASE_STRIP = NO;
				DEAD_CODE_STRIPPING = YES;
				DEBUG_INFORMATION_FORMAT = dwarf;
				ENABLE_STRICT_OBJC_MSGSEND = YES;
				ENABLE_TESTABILITY = YES;
				GCC_C_LANGUAGE_STANDARD = gnu11;
				GCC_DYNAMIC_NO_PIC = NO;
				GCC_NO_COMMON_BLOCKS = YES;
				GCC_OPTIMIZATION_LEVEL = 0;
				GCC_PREPROCESSOR_DEFINITIONS = (
					"DEBUG=1",
					"$(inherited)",
				);
				GCC_WARN_64_TO_32_BIT_CONVERSION = YES;
				GCC_WARN_ABOUT_RETURN_TYPE = YES_ERROR;
				GCC_WARN_UNDECLARED_SELECTOR = YES;
				GCC_WARN_UNINITIALIZED_AUTOS = YES_AGGRESSIVE;
				GCC_WARN_UNUSED_FUNCTION = YES;
				GCC_WARN_UNUSED_VARIABLE = YES;
				MACOSX_DEPLOYMENT_TARGET = 12.3;
				MTL_ENABLE_DEBUG_INFO = INCLUDE_SOURCE;
				MTL_FAST_MATH = YES;
				ONLY_ACTIVE_ARCH = YES;
				SDKROOT = macosx;
			};
			name = Debug;
		};
		521EEFBB287EA83A00BA40B5 /* Release */ = {
			isa = XCBuildConfiguration;
			buildSettings = {
				ALWAYS_SEARCH_USER_PATHS = NO;
				CLANG_ANALYZER_NONNULL = YES;
				CLANG_ANALYZER_NUMBER_OBJECT_CONVERSION = YES_AGGRESSIVE;
				CLANG_CXX_LANGUAGE_STANDARD = "gnu++17";
				CLANG_ENABLE_MODULES = YES;
				CLANG_ENABLE_OBJC_ARC = YES;
				CLANG_ENABLE_OBJC_WEAK = YES;
				CLANG_WARN_BLOCK_CAPTURE_AUTORELEASING = YES;
				CLANG_WARN_BOOL_CONVERSION = YES;
				CLANG_WARN_COMMA = YES;
				CLANG_WARN_CONSTANT_CONVERSION = YES;
				CLANG_WARN_DEPRECATED_OBJC_IMPLEMENTATIONS = YES;
				CLANG_WARN_DIRECT_OBJC_ISA_USAGE = YES_ERROR;
				CLANG_WARN_DOCUMENTATION_COMMENTS = YES;
				CLANG_WARN_EMPTY_BODY = YES;
				CLANG_WARN_ENUM_CONVERSION = YES;
				CLANG_WARN_INFINITE_RECURSION = YES;
				CLANG_WARN_INT_CONVERSION = YES;
				CLANG_WARN_NON_LITERAL_NULL_CONVERSION = YES;
				CLANG_WARN_OBJC_IMPLICIT_RETAIN_SELF = YES;
				CLANG_WARN_OBJC_LITERAL_CONVERSION = YES;
				CLANG_WARN_OBJC_ROOT_CLASS = YES_ERROR;
				CLANG_WARN_QUOTED_INCLUDE_IN_FRAMEWORK_HEADER = YES;
				CLANG_WARN_RANGE_LOOP_ANALYSIS = YES;
				CLANG_WARN_STRICT_PROTOTYPES = YES;
				CLANG_WARN_SUSPICIOUS_MOVE = YES;
				CLANG_WARN_UNGUARDED_AVAILABILITY = YES_AGGRESSIVE;
				CLANG_WARN_UNREACHABLE_CODE = YES;
				CLANG_WARN__DUPLICATE_METHOD_MATCH = YES;
				COPY_PHASE_STRIP = NO;
				DEAD_CODE_STRIPPING = YES;
				DEBUG_INFORMATION_FORMAT = "dwarf-with-dsym";
				ENABLE_NS_ASSERTIONS = NO;
				ENABLE_STRICT_OBJC_MSGSEND = YES;
				GCC_C_LANGUAGE_STANDARD = gnu11;
				GCC_NO_COMMON_BLOCKS = YES;
				GCC_WARN_64_TO_32_BIT_CONVERSION = YES;
				GCC_WARN_ABOUT_RETURN_TYPE = YES_ERROR;
				GCC_WARN_UNDECLARED_SELECTOR = YES;
				GCC_WARN_UNINITIALIZED_AUTOS = YES_AGGRESSIVE;
				GCC_WARN_UNUSED_FUNCTION = YES;
				GCC_WARN_UNUSED_VARIABLE = YES;
				MACOSX_DEPLOYMENT_TARGET = 12.3;
				MTL_ENABLE_DEBUG_INFO = NO;
				MTL_FAST_MATH = YES;
				SDKROOT = macosx;
			};
			name = Release;
		};
		521EEFBD287EA83A00BA40B5 /* Debug */ = {
			isa = XCBuildConfiguration;
			buildSettings = {
				CODE_SIGN_IDENTITY = "-";
				CODE_SIGN_STYLE = Automatic;
				DEAD_CODE_STRIPPING = YES;
				PRODUCT_NAME = "$(TARGET_NAME)";
			};
			name = Debug;
		};
		521EEFBE287EA83A00BA40B5 /* Release */ = {
			isa = XCBuildConfiguration;
			buildSettings = {
				CODE_SIGN_IDENTITY = "-";
				CODE_SIGN_STYLE = Automatic;
				DEAD_CODE_STRIPPING = YES;
				PRODUCT_NAME = "$(TARGET_NAME)";
			};
			name = Release;
		};
/* End XCBuildConfiguration section */

/* Begin XCConfigurationList section */
		521EEFB0287EA83A00BA40B5 /* Build configuration list for PBXProject "MJV5" */ = {
			isa = XCConfigurationList;
			buildConfigurations = (
				521EEFBA287EA83A00BA40B5 /* Debug */,
				521EEFBB287EA83A00BA40B5 /* Release */,
			);
			defaultConfigurationIsVisible = 0;
			defaultConfigurationName = Release;
		};
		521EEFBC287EA83A00BA40B5 /* Build configuration list for PBXNativeTarget "MJV5" */ = {
			isa = XCConfigurationList;
			buildConfigurations = (
				521EEFBD287EA83A00BA40B5 /* Debug */,
				521EEFBE287EA83A00BA40B5 /* Release */,
			);
			defaultConfigurationIsVisible = 0;
			defaultConfigurationName = Release;
		};
/* End XCConfigurationList section */
	};
	rootObject = 521EEFAD287EA83A00BA40B5 /* Project object */;
}
